
Microsoft Visual Studio Solution File, Format Version 12.00
# Visual Studio Version 17
VisualStudioVersion = 17.0.31903.59
MinimumVisualStudioVersion = 10.0.40219.1
Project("{FAE04EC0-301F-11D3-BF4B-00C04F79EFBC}") = "CloudWeather.DataLoader", "DataLoader\CloudWeather.DataLoader.csproj", "{E11BDA01-37AD-41E7-B99F-C062FEFD6C60}"
EndProject
Project("{FAE04EC0-301F-11D3-BF4B-00C04F79EFBC}") = "CloudWeather.Percipitaion", "CloudWeather.Percipitaion\CloudWeather.Percipitaion.csproj", "{8F8031AE-EC35-4F80-B174-C758484BE06B}"
EndProject
Project("{FAE04EC0-301F-11D3-BF4B-00C04F79EFBC}") = "CloudWeather.Temprature", "CloudWeather.Temprature\CloudWeather.Temprature.csproj", "{63D5E9D4-4C96-47CA-B56A-588F9408EBD1}"
EndProject
Project("{FAE04EC0-301F-11D3-BF4B-00C04F79EFBC}") = "CloudWeather.Report", "CloudWeather.Report\CloudWeather.Report.csproj", "{20200B52-B533-42CB-8632-B12E33921EBF}"
EndProject
Global
	GlobalSection(SolutionConfigurationPlatforms) = preSolution
		Debug|Any CPU = Debug|Any CPU
		Release|Any CPU = Release|Any CPU
	EndGlobalSection
	GlobalSection(ProjectConfigurationPlatforms) = postSolution
		{E11BDA01-37AD-41E7-B99F-C062FEFD6C60}.Debug|Any CPU.ActiveCfg = Debug|Any CPU
		{E11BDA01-37AD-41E7-B99F-C062FEFD6C60}.Debug|Any CPU.Build.0 = Debug|Any CPU
		{E11BDA01-37AD-41E7-B99F-C062FEFD6C60}.Release|Any CPU.ActiveCfg = Release|Any CPU
		{E11BDA01-37AD-41E7-B99F-C062FEFD6C60}.Release|Any CPU.Build.0 = Release|Any CPU
		{8F8031AE-EC35-4F80-B174-C758484BE06B}.Debug|Any CPU.ActiveCfg = Debug|Any CPU
		{8F8031AE-EC35-4F80-B174-C758484BE06B}.Debug|Any CPU.Build.0 = Debug|Any CPU
		{8F8031AE-EC35-4F80-B174-C758484BE06B}.Release|Any CPU.ActiveCfg = Release|Any CPU
		{8F8031AE-EC35-4F80-B174-C758484BE06B}.Release|Any CPU.Build.0 = Release|Any CPU
		{63D5E9D4-4C96-47CA-B56A-588F9408EBD1}.Debug|Any CPU.ActiveCfg = Debug|Any CPU
		{63D5E9D4-4C96-47CA-B56A-588F9408EBD1}.Debug|Any CPU.Build.0 = Debug|Any CPU
		{63D5E9D4-4C96-47CA-B56A-588F9408EBD1}.Release|Any CPU.ActiveCfg = Release|Any CPU
		{63D5E9D4-4C96-47CA-B56A-588F9408EBD1}.Release|Any CPU.Build.0 = Release|Any CPU
		{20200B52-B533-42CB-8632-B12E33921EBF}.Debug|Any CPU.ActiveCfg = Debug|Any CPU
		{20200B52-B533-42CB-8632-B12E33921EBF}.Debug|Any CPU.Build.0 = Debug|Any CPU
		{20200B52-B533-42CB-8632-B12E33921EBF}.Release|Any CPU.ActiveCfg = Release|Any CPU
		{20200B52-B533-42CB-8632-B12E33921EBF}.Release|Any CPU.Build.0 = Release|Any CPU
	EndGlobalSection
	GlobalSection(SolutionProperties) = preSolution
		HideSolutionNode = FALSE
	EndGlobalSection
	GlobalSection(ExtensibilityGlobals) = postSolution
		SolutionGuid = {505BEF5C-5504-4A93-9DF3-FD7ACA133F7E}
	EndGlobalSection
EndGlobal
